
Microsoft Visual Studio Solution File, Format Version 12.00
# Visual Studio 15
VisualStudioVersion = 15.0.27428.2005
MinimumVisualStudioVersion = 10.0.40219.1
Project("{FAE04EC0-301F-11D3-BF4B-00C04F79EFBC}") = "JitaBuyPrice", "JitaBuyPrice\JitaBuyPrice.csproj", "{CD0A18CB-6710-4B31-A604-CF7E1B289C2F}"
EndProject
Global
	GlobalSection(SolutionConfigurationPlatforms) = preSolution
		Debug|Any CPU = Debug|Any CPU
		Release|Any CPU = Release|Any CPU
	EndGlobalSection
	GlobalSection(ProjectConfigurationPlatforms) = postSolution
		{CD0A18CB-6710-4B31-A604-CF7E1B289C2F}.Debug|Any CPU.ActiveCfg = Debug|Any CPU
		{CD0A18CB-6710-4B31-A604-CF7E1B289C2F}.Debug|Any CPU.Build.0 = Debug|Any CPU
		{CD0A18CB-6710-4B31-A604-CF7E1B289C2F}.Release|Any CPU.ActiveCfg = Release|Any CPU
		{CD0A18CB-6710-4B31-A604-CF7E1B289C2F}.Release|Any CPU.Build.0 = Release|Any CPU
	EndGlobalSection
	GlobalSection(SolutionProperties) = preSolution
		HideSolutionNode = FALSE
	EndGlobalSection
	GlobalSection(ExtensibilityGlobals) = postSolution
		SolutionGuid = {5DBF08BE-3807-4AAE-A3F1-65356D40D77A}
	EndGlobalSection
EndGlobal
